// !$*UTF8*$!
{
	archiveVersion = 1;
	classes = {
	};
	objectVersion = 46;
	objects = {

/* Begin PBXBuildFile section */
		246E20C01E4D974C00DF8630 /* main.m in Sources */ = {isa = PBXBuildFile; fileRef = 246E20BF1E4D974C00DF8630 /* main.m */; };
		246E20C31E4D974C00DF8630 /* AppDelegate.m in Sources */ = {isa = PBXBuildFile; fileRef = 246E20C21E4D974C00DF8630 /* AppDelegate.m */; };
		246E20C61E4D974C00DF8630 /* ViewController.m in Sources */ = {isa = PBXBuildFile; fileRef = 246E20C51E4D974C00DF8630 /* ViewController.m */; };
		246E20C91E4D974C00DF8630 /* Main.storyboard in Resources */ = {isa = PBXBuildFile; fileRef = 246E20C71E4D974C00DF8630 /* Main.storyboard */; };
		246E20CB1E4D974C00DF8630 /* Assets.xcassets in Resources */ = {isa = PBXBuildFile; fileRef = 246E20CA1E4D974C00DF8630 /* Assets.xcassets */; };
		246E20CE1E4D974C00DF8630 /* LaunchScreen.storyboard in Resources */ = {isa = PBXBuildFile; fileRef = 246E20CC1E4D974C00DF8630 /* LaunchScreen.storyboard */; };
		246E20D91E4D974D00DF8630 /* FJMongoliaTests.m in Sources */ = {isa = PBXBuildFile; fileRef = 246E20D81E4D974D00DF8630 /* FJMongoliaTests.m */; };
		246E20E41E4D974D00DF8630 /* FJMongoliaUITests.m in Sources */ = {isa = PBXBuildFile; fileRef = 246E20E31E4D974D00DF8630 /* FJMongoliaUITests.m */; };
		246E20F41E4D97B800DF8630 /* FJMongoliaView.m in Sources */ = {isa = PBXBuildFile; fileRef = 246E20F31E4D97B800DF8630 /* FJMongoliaView.m */; };
		246E20F71E4D996A00DF8630 /* FJDisplayListCell.m in Sources */ = {isa = PBXBuildFile; fileRef = 246E20F61E4D996A00DF8630 /* FJDisplayListCell.m */; };
		246E20FA1E4D9A1300DF8630 /* FJMongoliaViewController.m in Sources */ = {isa = PBXBuildFile; fileRef = 246E20F91E4D9A1300DF8630 /* FJMongoliaViewController.m */; };
/* End PBXBuildFile section */

/* Begin PBXContainerItemProxy section */
		246E20D51E4D974D00DF8630 /* PBXContainerItemProxy */ = {
			isa = PBXContainerItemProxy;
			containerPortal = 246E20B31E4D974C00DF8630 /* Project object */;
			proxyType = 1;
			remoteGlobalIDString = 246E20BA1E4D974C00DF8630;
			remoteInfo = FJMongolia;
		};
		246E20E01E4D974D00DF8630 /* PBXContainerItemProxy */ = {
			isa = PBXContainerItemProxy;
			containerPortal = 246E20B31E4D974C00DF8630 /* Project object */;
			proxyType = 1;
			remoteGlobalIDString = 246E20BA1E4D974C00DF8630;
			remoteInfo = FJMongolia;
		};
/* End PBXContainerItemProxy section */

/* Begin PBXFileReference section */
		246E20BB1E4D974C00DF8630 /* FJMongolia.app */ = {isa = PBXFileReference; explicitFileType = wrapper.application; includeInIndex = 0; path = FJMongolia.app; sourceTree = BUILT_PRODUCTS_DIR; };
		246E20BF1E4D974C00DF8630 /* main.m */ = {isa = PBXFileReference; lastKnownFileType = sourcecode.c.objc; path = main.m; sourceTree = "<group>"; };
		246E20C11E4D974C00DF8630 /* AppDelegate.h */ = {isa = PBXFileReference; lastKnownFileType = sourcecode.c.h; path = AppDelegate.h; sourceTree = "<group>"; };
		246E20C21E4D974C00DF8630 /* AppDelegate.m */ = {isa = PBXFileReference; lastKnownFileType = sourcecode.c.objc; path = AppDelegate.m; sourceTree = "<group>"; };
		246E20C41E4D974C00DF8630 /* ViewController.h */ = {isa = PBXFileReference; lastKnownFileType = sourcecode.c.h; path = ViewController.h; sourceTree = "<group>"; };
		246E20C51E4D974C00DF8630 /* ViewController.m */ = {isa = PBXFileReference; lastKnownFileType = sourcecode.c.objc; path = ViewController.m; sourceTree = "<group>"; };
		246E20C81E4D974C00DF8630 /* Base */ = {isa = PBXFileReference; lastKnownFileType = file.storyboard; name = Base; path = Base.lproj/Main.storyboard; sourceTree = "<group>"; };
		246E20CA1E4D974C00DF8630 /* Assets.xcassets */ = {isa = PBXFileReference; lastKnownFileType = folder.assetcatalog; path = Assets.xcassets; sourceTree = "<group>"; };
		246E20CD1E4D974C00DF8630 /* Base */ = {isa = PBXFileReference; lastKnownFileType = file.storyboard; name = Base; path = Base.lproj/LaunchScreen.storyboard; sourceTree = "<group>"; };
		246E20CF1E4D974D00DF8630 /* Info.plist */ = {isa = PBXFileReference; lastKnownFileType = text.plist.xml; path = Info.plist; sourceTree = "<group>"; };
		246E20D41E4D974D00DF8630 /* FJMongoliaTests.xctest */ = {isa = PBXFileReference; explicitFileType = wrapper.cfbundle; includeInIndex = 0; path = FJMongoliaTests.xctest; sourceTree = BUILT_PRODUCTS_DIR; };
		246E20D81E4D974D00DF8630 /* FJMongoliaTests.m */ = {isa = PBXFileReference; lastKnownFileType = sourcecode.c.objc; path = FJMongoliaTests.m; sourceTree = "<group>"; };
		246E20DA1E4D974D00DF8630 /* Info.plist */ = {isa = PBXFileReference; lastKnownFileType = text.plist.xml; path = Info.plist; sourceTree = "<group>"; };
		246E20DF1E4D974D00DF8630 /* FJMongoliaUITests.xctest */ = {isa = PBXFileReference; explicitFileType = wrapper.cfbundle; includeInIndex = 0; path = FJMongoliaUITests.xctest; sourceTree = BUILT_PRODUCTS_DIR; };
		246E20E31E4D974D00DF8630 /* FJMongoliaUITests.m */ = {isa = PBXFileReference; lastKnownFileType = sourcecode.c.objc; path = FJMongoliaUITests.m; sourceTree = "<group>"; };
		246E20E51E4D974D00DF8630 /* Info.plist */ = {isa = PBXFileReference; lastKnownFileType = text.plist.xml; path = Info.plist; sourceTree = "<group>"; };
		246E20F21E4D97B800DF8630 /* FJMongoliaView.h */ = {isa = PBXFileReference; fileEncoding = 4; lastKnownFileType = sourcecode.c.h; path = FJMongoliaView.h; sourceTree = "<group>"; };
		246E20F31E4D97B800DF8630 /* FJMongoliaView.m */ = {isa = PBXFileReference; fileEncoding = 4; lastKnownFileType = sourcecode.c.objc; path = FJMongoliaView.m; sourceTree = "<group>"; };
		246E20F51E4D996A00DF8630 /* FJDisplayListCell.h */ = {isa = PBXFileReference; fileEncoding = 4; lastKnownFileType = sourcecode.c.h; path = FJDisplayListCell.h; sourceTree = "<group>"; };
		246E20F61E4D996A00DF8630 /* FJDisplayListCell.m */ = {isa = PBXFileReference; fileEncoding = 4; lastKnownFileType = sourcecode.c.objc; path = FJDisplayListCell.m; sourceTree = "<group>"; };
		246E20F81E4D9A1300DF8630 /* FJMongoliaViewController.h */ = {isa = PBXFileReference; fileEncoding = 4; lastKnownFileType = sourcecode.c.h; path = FJMongoliaViewController.h; sourceTree = "<group>"; };
		246E20F91E4D9A1300DF8630 /* FJMongoliaViewController.m */ = {isa = PBXFileReference; fileEncoding = 4; lastKnownFileType = sourcecode.c.objc; path = FJMongoliaViewController.m; sourceTree = "<group>"; };
/* End PBXFileReference section */

/* Begin PBXFrameworksBuildPhase section */
		246E20B81E4D974C00DF8630 /* Frameworks */ = {
			isa = PBXFrameworksBuildPhase;
			buildActionMask = 2147483647;
			files = (
			);
			runOnlyForDeploymentPostprocessing = 0;
		};
		246E20D11E4D974D00DF8630 /* Frameworks */ = {
			isa = PBXFrameworksBuildPhase;
			buildActionMask = 2147483647;
			files = (
			);
			runOnlyForDeploymentPostprocessing = 0;
		};
		246E20DC1E4D974D00DF8630 /* Frameworks */ = {
			isa = PBXFrameworksBuildPhase;
			buildActionMask = 2147483647;
			files = (
			);
			runOnlyForDeploymentPostprocessing = 0;
		};
/* End PBXFrameworksBuildPhase section */

/* Begin PBXGroup section */
		246E20B21E4D974C00DF8630 = {
			isa = PBXGroup;
			children = (
				246E20BD1E4D974C00DF8630 /* FJMongolia */,
				246E20D71E4D974D00DF8630 /* FJMongoliaTests */,
				246E20E21E4D974D00DF8630 /* FJMongoliaUITests */,
				246E20BC1E4D974C00DF8630 /* Products */,
			);
			sourceTree = "<group>";
		};
		246E20BC1E4D974C00DF8630 /* Products */ = {
			isa = PBXGroup;
			children = (
				246E20BB1E4D974C00DF8630 /* FJMongolia.app */,
				246E20D41E4D974D00DF8630 /* FJMongoliaTests.xctest */,
				246E20DF1E4D974D00DF8630 /* FJMongoliaUITests.xctest */,
			);
			name = Products;
			sourceTree = "<group>";
		};
		246E20BD1E4D974C00DF8630 /* FJMongolia */ = {
			isa = PBXGroup;
			children = (
				246E20F11E4D97B800DF8630 /* FJMongoliaView */,
				246E20C11E4D974C00DF8630 /* AppDelegate.h */,
				246E20C21E4D974C00DF8630 /* AppDelegate.m */,
				246E20C41E4D974C00DF8630 /* ViewController.h */,
				246E20C51E4D974C00DF8630 /* ViewController.m */,
				246E20F81E4D9A1300DF8630 /* FJMongoliaViewController.h */,
				246E20F91E4D9A1300DF8630 /* FJMongoliaViewController.m */,
				246E20C71E4D974C00DF8630 /* Main.storyboard */,
				246E20F51E4D996A00DF8630 /* FJDisplayListCell.h */,
				246E20F61E4D996A00DF8630 /* FJDisplayListCell.m */,
				246E20CA1E4D974C00DF8630 /* Assets.xcassets */,
				246E20CC1E4D974C00DF8630 /* LaunchScreen.storyboard */,
				246E20CF1E4D974D00DF8630 /* Info.plist */,
				246E20BE1E4D974C00DF8630 /* Supporting Files */,
			);
			path = FJMongolia;
			sourceTree = "<group>";
		};
		246E20BE1E4D974C00DF8630 /* Supporting Files */ = {
			isa = PBXGroup;
			children = (
				246E20BF1E4D974C00DF8630 /* main.m */,
			);
			name = "Supporting Files";
			sourceTree = "<group>";
		};
		246E20D71E4D974D00DF8630 /* FJMongoliaTests */ = {
			isa = PBXGroup;
			children = (
				246E20D81E4D974D00DF8630 /* FJMongoliaTests.m */,
				246E20DA1E4D974D00DF8630 /* Info.plist */,
			);
			path = FJMongoliaTests;
			sourceTree = "<group>";
		};
		246E20E21E4D974D00DF8630 /* FJMongoliaUITests */ = {
			isa = PBXGroup;
			children = (
				246E20E31E4D974D00DF8630 /* FJMongoliaUITests.m */,
				246E20E51E4D974D00DF8630 /* Info.plist */,
			);
			path = FJMongoliaUITests;
			sourceTree = "<group>";
		};
		246E20F11E4D97B800DF8630 /* FJMongoliaView */ = {
			isa = PBXGroup;
			children = (
				246E20F21E4D97B800DF8630 /* FJMongoliaView.h */,
				246E20F31E4D97B800DF8630 /* FJMongoliaView.m */,
			);
			path = FJMongoliaView;
			sourceTree = "<group>";
		};
/* End PBXGroup section */

/* Begin PBXNativeTarget section */
		246E20BA1E4D974C00DF8630 /* FJMongolia */ = {
			isa = PBXNativeTarget;
			buildConfigurationList = 246E20E81E4D974D00DF8630 /* Build configuration list for PBXNativeTarget "FJMongolia" */;
			buildPhases = (
				246E20B71E4D974C00DF8630 /* Sources */,
				246E20B81E4D974C00DF8630 /* Frameworks */,
				246E20B91E4D974C00DF8630 /* Resources */,
			);
			buildRules = (
			);
			dependencies = (
			);
			name = FJMongolia;
			productName = FJMongolia;
			productReference = 246E20BB1E4D974C00DF8630 /* FJMongolia.app */;
			productType = "com.apple.product-type.application";
		};
		246E20D31E4D974D00DF8630 /* FJMongoliaTests */ = {
			isa = PBXNativeTarget;
			buildConfigurationList = 246E20EB1E4D974D00DF8630 /* Build configuration list for PBXNativeTarget "FJMongoliaTests" */;
			buildPhases = (
				246E20D01E4D974D00DF8630 /* Sources */,
				246E20D11E4D974D00DF8630 /* Frameworks */,
				246E20D21E4D974D00DF8630 /* Resources */,
			);
			buildRules = (
			);
			dependencies = (
				246E20D61E4D974D00DF8630 /* PBXTargetDependency */,
			);
			name = FJMongoliaTests;
			productName = FJMongoliaTests;
			productReference = 246E20D41E4D974D00DF8630 /* FJMongoliaTests.xctest */;
			productType = "com.apple.product-type.bundle.unit-test";
		};
		246E20DE1E4D974D00DF8630 /* FJMongoliaUITests */ = {
			isa = PBXNativeTarget;
			buildConfigurationList = 246E20EE1E4D974D00DF8630 /* Build configuration list for PBXNativeTarget "FJMongoliaUITests" */;
			buildPhases = (
				246E20DB1E4D974D00DF8630 /* Sources */,
				246E20DC1E4D974D00DF8630 /* Frameworks */,
				246E20DD1E4D974D00DF8630 /* Resources */,
			);
			buildRules = (
			);
			dependencies = (
				246E20E11E4D974D00DF8630 /* PBXTargetDependency */,
			);
			name = FJMongoliaUITests;
			productName = FJMongoliaUITests;
			productReference = 246E20DF1E4D974D00DF8630 /* FJMongoliaUITests.xctest */;
			productType = "com.apple.product-type.bundle.ui-testing";
		};
/* End PBXNativeTarget section */

/* Begin PBXProject section */
		246E20B31E4D974C00DF8630 /* Project object */ = {
			isa = PBXProject;
			attributes = {
				LastUpgradeCheck = 0800;
				ORGANIZATIONNAME = fujin;
				TargetAttributes = {
					246E20BA1E4D974C00DF8630 = {
						CreatedOnToolsVersion = 8.0;
						ProvisioningStyle = Automatic;
					};
					246E20D31E4D974D00DF8630 = {
						CreatedOnToolsVersion = 8.0;
						ProvisioningStyle = Automatic;
						TestTargetID = 246E20BA1E4D974C00DF8630;
					};
					246E20DE1E4D974D00DF8630 = {
						CreatedOnToolsVersion = 8.0;
						ProvisioningStyle = Automatic;
						TestTargetID = 246E20BA1E4D974C00DF8630;
					};
				};
			};
			buildConfigurationList = 246E20B61E4D974C00DF8630 /* Build configuration list for PBXProject "FJMongolia" */;
			compatibilityVersion = "Xcode 3.2";
			developmentRegion = English;
			hasScannedForEncodings = 0;
			knownRegions = (
				en,
				Base,
			);
			mainGroup = 246E20B21E4D974C00DF8630;
			productRefGroup = 246E20BC1E4D974C00DF8630 /* Products */;
			projectDirPath = "";
			projectRoot = "";
			targets = (
				246E20BA1E4D974C00DF8630 /* FJMongolia */,
				246E20D31E4D974D00DF8630 /* FJMongoliaTests */,
				246E20DE1E4D974D00DF8630 /* FJMongoliaUITests */,
			);
		};
/* End PBXProject section */

/* Begin PBXResourcesBuildPhase section */
		246E20B91E4D974C00DF8630 /* Resources */ = {
			isa = PBXResourcesBuildPhase;
			buildActionMask = 2147483647;
			files = (
				246E20CE1E4D974C00DF8630 /* LaunchScreen.storyboard in Resources */,
				246E20CB1E4D974C00DF8630 /* Assets.xcassets in Resources */,
				246E20C91E4D974C00DF8630 /* Main.storyboard in Resources */,
			);
			runOnlyForDeploymentPostprocessing = 0;
		};
		246E20D21E4D974D00DF8630 /* Resources */ = {
			isa = PBXResourcesBuildPhase;
			buildActionMask = 2147483647;
			files = (
			);
			runOnlyForDeploymentPostprocessing = 0;
		};
		246E20DD1E4D974D00DF8630 /* Resources */ = {
			isa = PBXResourcesBuildPhase;
			buildActionMask = 2147483647;
			files = (
			);
			runOnlyForDeploymentPostprocessing = 0;
		};
/* End PBXResourcesBuildPhase section */

/* Begin PBXSourcesBuildPhase section */
		246E20B71E4D974C00DF8630 /* Sources */ = {
			isa = PBXSourcesBuildPhase;
			buildActionMask = 2147483647;
			files = (
				246E20F41E4D97B800DF8630 /* FJMongoliaView.m in Sources */,
				246E20C61E4D974C00DF8630 /* ViewController.m in Sources */,
				246E20FA1E4D9A1300DF8630 /* FJMongoliaViewController.m in Sources */,
				246E20C31E4D974C00DF8630 /* AppDelegate.m in Sources */,
				246E20C01E4D974C00DF8630 /* main.m in Sources */,
				246E20F71E4D996A00DF8630 /* FJDisplayListCell.m in Sources */,
			);
			runOnlyForDeploymentPostprocessing = 0;
		};
		246E20D01E4D974D00DF8630 /* Sources */ = {
			isa = PBXSourcesBuildPhase;
			buildActionMask = 2147483647;
			files = (
				246E20D91E4D974D00DF8630 /* FJMongoliaTests.m in Sources */,
			);
			runOnlyForDeploymentPostprocessing = 0;
		};
		246E20DB1E4D974D00DF8630 /* Sources */ = {
			isa = PBXSourcesBuildPhase;
			buildActionMask = 2147483647;
			files = (
				246E20E41E4D974D00DF8630 /* FJMongoliaUITests.m in Sources */,
			);
			runOnlyForDeploymentPostprocessing = 0;
		};
/* End PBXSourcesBuildPhase section */

/* Begin PBXTargetDependency section */
		246E20D61E4D974D00DF8630 /* PBXTargetDependency */ = {
			isa = PBXTargetDependency;
			target = 246E20BA1E4D974C00DF8630 /* FJMongolia */;
			targetProxy = 246E20D51E4D974D00DF8630 /* PBXContainerItemProxy */;
		};
		246E20E11E4D974D00DF8630 /* PBXTargetDependency */ = {
			isa = PBXTargetDependency;
			target = 246E20BA1E4D974C00DF8630 /* FJMongolia */;
			targetProxy = 246E20E01E4D974D00DF8630 /* PBXContainerItemProxy */;
		};
/* End PBXTargetDependency section */

/* Begin PBXVariantGroup section */
		246E20C71E4D974C00DF8630 /* Main.storyboard */ = {
			isa = PBXVariantGroup;
			children = (
				246E20C81E4D974C00DF8630 /* Base */,
			);
			name = Main.storyboard;
			sourceTree = "<group>";
		};
		246E20CC1E4D974C00DF8630 /* LaunchScreen.storyboard */ = {
			isa = PBXVariantGroup;
			children = (
				246E20CD1E4D974C00DF8630 /* Base */,
			);
			name = LaunchScreen.storyboard;
			sourceTree = "<group>";
		};
/* End PBXVariantGroup section */

/* Begin XCBuildConfiguration section */
		246E20E61E4D974D00DF8630 /* Debug */ = {
			isa = XCBuildConfiguration;
			buildSettings = {
				ALWAYS_SEARCH_USER_PATHS = NO;
				CLANG_ANALYZER_NONNULL = YES;
				CLANG_CXX_LANGUAGE_STANDARD = "gnu++0x";
				CLANG_CXX_LIBRARY = "libc++";
				CLANG_ENABLE_MODULES = YES;
				CLANG_ENABLE_OBJC_ARC = YES;
				CLANG_WARN_BOOL_CONVERSION = YES;
				CLANG_WARN_CONSTANT_CONVERSION = YES;
				CLANG_WARN_DIRECT_OBJC_ISA_USAGE = YES_ERROR;
				CLANG_WARN_DOCUMENTATION_COMMENTS = YES;
				CLANG_WARN_EMPTY_BODY = YES;
				CLANG_WARN_ENUM_CONVERSION = YES;
				CLANG_WARN_INFINITE_RECURSION = YES;
				CLANG_WARN_INT_CONVERSION = YES;
				CLANG_WARN_OBJC_ROOT_CLASS = YES_ERROR;
				CLANG_WARN_SUSPICIOUS_MOVES = YES;
				CLANG_WARN_UNREACHABLE_CODE = YES;
				CLANG_WARN__DUPLICATE_METHOD_MATCH = YES;
				"CODE_SIGN_IDENTITY[sdk=iphoneos*]" = "iPhone Developer";
				COPY_PHASE_STRIP = NO;
				DEBUG_INFORMATION_FORMAT = dwarf;
				ENABLE_STRICT_OBJC_MSGSEND = YES;
				ENABLE_TESTABILITY = YES;
				GCC_C_LANGUAGE_STANDARD = gnu99;
				GCC_DYNAMIC_NO_PIC = NO;
				GCC_NO_COMMON_BLOCKS = YES;
				GCC_OPTIMIZATION_LEVEL = 0;
				GCC_PREPROCESSOR_DEFINITIONS = (
					"DEBUG=1",
					"$(inherited)",
				);
				GCC_WARN_64_TO_32_BIT_CONVERSION = YES;
				GCC_WARN_ABOUT_RETURN_TYPE = YES_ERROR;
				GCC_WARN_UNDECLARED_SELECTOR = YES;
				GCC_WARN_UNINITIALIZED_AUTOS = YES_AGGRESSIVE;
				GCC_WARN_UNUSED_FUNCTION = YES;
				GCC_WARN_UNUSED_VARIABLE = YES;
				IPHONEOS_DEPLOYMENT_TARGET = 10.0;
				MTL_ENABLE_DEBUG_INFO = YES;
				ONLY_ACTIVE_ARCH = YES;
				SDKROOT = iphoneos;
				TARGETED_DEVICE_FAMILY = "1,2";
			};
			name = Debug;
		};
		246E20E71E4D974D00DF8630 /* Release */ = {
			isa = XCBuildConfiguration;
			buildSettings = {
				ALWAYS_SEARCH_USER_PATHS = NO;
				CLANG_ANALYZER_NONNULL = YES;
				CLANG_CXX_LANGUAGE_STANDARD = "gnu++0x";
				CLANG_CXX_LIBRARY = "libc++";
				CLANG_ENABLE_MODULES = YES;
				CLANG_ENABLE_OBJC_ARC = YES;
				CLANG_WARN_BOOL_CONVERSION = YES;
				CLANG_WARN_CONSTANT_CONVERSION = YES;
				CLANG_WARN_DIRECT_OBJC_ISA_USAGE = YES_ERROR;
				CLANG_WARN_DOCUMENTATION_COMMENTS = YES;
				CLANG_WARN_EMPTY_BODY = YES;
				CLANG_WARN_ENUM_CONVERSION = YES;
				CLANG_WARN_INFINITE_RECURSION = YES;
				CLANG_WARN_INT_CONVERSION = YES;
				CLANG_WARN_OBJC_ROOT_CLASS = YES_ERROR;
				CLANG_WARN_SUSPICIOUS_MOVES = YES;
				CLANG_WARN_UNREACHABLE_CODE = YES;
				CLANG_WARN__DUPLICATE_METHOD_MATCH = YES;
				"CODE_SIGN_IDENTITY[sdk=iphoneos*]" = "iPhone Developer";
				COPY_PHASE_STRIP = NO;
				DEBUG_INFORMATION_FORMAT = "dwarf-with-dsym";
				ENABLE_NS_ASSERTIONS = NO;
				ENABLE_STRICT_OBJC_MSGSEND = YES;
				GCC_C_LANGUAGE_STANDARD = gnu99;
				GCC_NO_COMMON_BLOCKS = YES;
				GCC_WARN_64_TO_32_BIT_CONVERSION = YES;
				GCC_WARN_ABOUT_RETURN_TYPE = YES_ERROR;
				GCC_WARN_UNDECLARED_SELECTOR = YES;
				GCC_WARN_UNINITIALIZED_AUTOS = YES_AGGRESSIVE;
				GCC_WARN_UNUSED_FUNCTION = YES;
				GCC_WARN_UNUSED_VARIABLE = YES;
				IPHONEOS_DEPLOYMENT_TARGET = 10.0;
				MTL_ENABLE_DEBUG_INFO = NO;
				SDKROOT = iphoneos;
				TARGETED_DEVICE_FAMILY = "1,2";
				VALIDATE_PRODUCT = YES;
			};
			name = Release;
		};
		246E20E91E4D974D00DF8630 /* Debug */ = {
			isa = XCBuildConfiguration;
			buildSettings = {
				ASSETCATALOG_COMPILER_APPICON_NAME = AppIcon;
				INFOPLIST_FILE = FJMongolia/Info.plist;
				LD_RUNPATH_SEARCH_PATHS = "$(inherited) @executable_path/Frameworks";
				PRODUCT_BUNDLE_IDENTIFIER = com.craftbeer.FJMongolia;
				PRODUCT_NAME = "$(TARGET_NAME)";
			};
			name = Debug;
		};
		246E20EA1E4D974D00DF8630 /* Release */ = {
			isa = XCBuildConfiguration;
			buildSettings = {
				ASSETCATALOG_COMPILER_APPICON_NAME = AppIcon;
				INFOPLIST_FILE = FJMongolia/Info.plist;
				LD_RUNPATH_SEARCH_PATHS = "$(inherited) @executable_path/Frameworks";
				PRODUCT_BUNDLE_IDENTIFIER = com.craftbeer.FJMongolia;
				PRODUCT_NAME = "$(TARGET_NAME)";
			};
			name = Release;
		};
		246E20EC1E4D974D00DF8630 /* Debug */ = {
			isa = XCBuildConfiguration;
			buildSettings = {
				BUNDLE_LOADER = "$(TEST_HOST)";
				INFOPLIST_FILE = FJMongoliaTests/Info.plist;
				LD_RUNPATH_SEARCH_PATHS = "$(inherited) @executable_path/Frameworks @loader_path/Frameworks";
				PRODUCT_BUNDLE_IDENTIFIER = com.craftbeer.FJMongoliaTests;
				PRODUCT_NAME = "$(TARGET_NAME)";
				TEST_HOST = "$(BUILT_PRODUCTS_DIR)/FJMongolia.app/FJMongolia";
			};
			name = Debug;
		};
		246E20ED1E4D974D00DF8630 /* Release */ = {
			isa = XCBuildConfiguration;
			buildSettings = {
				BUNDLE_LOADER = "$(TEST_HOST)";
				INFOPLIST_FILE = FJMongoliaTests/Info.plist;
				LD_RUNPATH_SEARCH_PATHS = "$(inherited) @executable_path/Frameworks @loader_path/Frameworks";
				PRODUCT_BUNDLE_IDENTIFIER = com.craftbeer.FJMongoliaTests;
				PRODUCT_NAME = "$(TARGET_NAME)";
				TEST_HOST = "$(BUILT_PRODUCTS_DIR)/FJMongolia.app/FJMongolia";
			};
			name = Release;
		};
		246E20EF1E4D974D00DF8630 /* Debug */ = {
			isa = XCBuildConfiguration;
			buildSettings = {
				INFOPLIST_FILE = FJMongoliaUITests/Info.plist;
				LD_RUNPATH_SEARCH_PATHS = "$(inherited) @executable_path/Frameworks @loader_path/Frameworks";
				PRODUCT_BUNDLE_IDENTIFIER = com.craftbeer.FJMongoliaUITests;
				PRODUCT_NAME = "$(TARGET_NAME)";
				TEST_TARGET_NAME = FJMongolia;
			};
			name = Debug;
		};
		246E20F01E4D974D00DF8630 /* Release */ = {
			isa = XCBuildConfiguration;
			buildSettings = {
				INFOPLIST_FILE = FJMongoliaUITests/Info.plist;
				LD_RUNPATH_SEARCH_PATHS = "$(inherited) @executable_path/Frameworks @loader_path/Frameworks";
				PRODUCT_BUNDLE_IDENTIFIER = com.craftbeer.FJMongoliaUITests;
				PRODUCT_NAME = "$(TARGET_NAME)";
				TEST_TARGET_NAME = FJMongolia;
			};
			name = Release;
		};
/* End XCBuildConfiguration section */

/* Begin XCConfigurationList section */
		246E20B61E4D974C00DF8630 /* Build configuration list for PBXProject "FJMongolia" */ = {
			isa = XCConfigurationList;
			buildConfigurations = (
				246E20E61E4D974D00DF8630 /* Debug */,
				246E20E71E4D974D00DF8630 /* Release */,
			);
			defaultConfigurationIsVisible = 0;
			defaultConfigurationName = Release;
		};
		246E20E81E4D974D00DF8630 /* Build configuration list for PBXNativeTarget "FJMongolia" */ = {
			isa = XCConfigurationList;
			buildConfigurations = (
				246E20E91E4D974D00DF8630 /* Debug */,
				246E20EA1E4D974D00DF8630 /* Release */,
			);
			defaultConfigurationIsVisible = 0;
		};
		246E20EB1E4D974D00DF8630 /* Build configuration list for PBXNativeTarget "FJMongoliaTests" */ = {
			isa = XCConfigurationList;
			buildConfigurations = (
				246E20EC1E4D974D00DF8630 /* Debug */,
				246E20ED1E4D974D00DF8630 /* Release */,
			);
			defaultConfigurationIsVisible = 0;
		};
		246E20EE1E4D974D00DF8630 /* Build configuration list for PBXNativeTarget "FJMongoliaUITests" */ = {
			isa = XCConfigurationList;
			buildConfigurations = (
				246E20EF1E4D974D00DF8630 /* Debug */,
				246E20F01E4D974D00DF8630 /* Release */,
			);
			defaultConfigurationIsVisible = 0;
		};
/* End XCConfigurationList section */
	};
	rootObject = 246E20B31E4D974C00DF8630 /* Project object */;
}
